
Microsoft Visual Studio Solution File, Format Version 12.00
# Visual Studio Version 17
VisualStudioVersion = 17.10.34928.147
MinimumVisualStudioVersion = 10.0.40219.1
Project("{FAE04EC0-301F-11D3-BF4B-00C04F79EFBC}") = "ModbusTcpSlave", "ModbusTcpSlave\ModbusTcpSlave.csproj", "{73C956DF-3E72-4193-8AA6-A3A75B926424}"
EndProject
Global
	GlobalSection(SolutionConfigurationPlatforms) = preSolution
		Debug|Any CPU = Debug|Any CPU
		Release|Any CPU = Release|Any CPU
	EndGlobalSection
	GlobalSection(ProjectConfigurationPlatforms) = postSolution
		{73C956DF-3E72-4193-8AA6-A3A75B926424}.Debug|Any CPU.ActiveCfg = Debug|Any CPU
		{73C956DF-3E72-4193-8AA6-A3A75B926424}.Debug|Any CPU.Build.0 = Debug|Any CPU
		{73C956DF-3E72-4193-8AA6-A3A75B926424}.Release|Any CPU.ActiveCfg = Release|Any CPU
		{73C956DF-3E72-4193-8AA6-A3A75B926424}.Release|Any CPU.Build.0 = Release|Any CPU
	EndGlobalSection
	GlobalSection(SolutionProperties) = preSolution
		HideSolutionNode = FALSE
	EndGlobalSection
	GlobalSection(ExtensibilityGlobals) = postSolution
		SolutionGuid = {7320BEE5-E166-4578-9951-CED9B0C0F9D2}
	EndGlobalSection
EndGlobal
